// !$*UTF8*$!
{
	archiveVersion = 1;
	classes = {
	};
	objectVersion = 77;
	objects = {

/* Begin PBXBuildFile section */
		175235C82E9A2F1100333245 /* RealmSwift in Embed Frameworks */ = {isa = PBXBuildFile; productRef = 17DDE7542E85325F00E6057A /* RealmSwift */; settings = {ATTRIBUTES = (CodeSignOnCopy, ); }; };
		179CE5242E8E0C9200181886 /* FirebaseAnalytics in Frameworks */ = {isa = PBXBuildFile; productRef = 179CE5232E8E0C9200181886 /* FirebaseAnalytics */; };
		179CE5262E8E0C9200181886 /* FirebaseCrashlytics in Frameworks */ = {isa = PBXBuildFile; productRef = 179CE5252E8E0C9200181886 /* FirebaseCrashlytics */; };
		179CE5282E8E0C9200181886 /* FirebaseMessaging in Frameworks */ = {isa = PBXBuildFile; productRef = 179CE5272E8E0C9200181886 /* FirebaseMessaging */; };
		17A08FCD2E869198003AF0A6 /* SkeletonView in Frameworks */ = {isa = PBXBuildFile; productRef = 17A08FCC2E869198003AF0A6 /* SkeletonView */; };
		17DDE7522E85324100E6057A /* SnapKit in Frameworks */ = {isa = PBXBuildFile; productRef = 17DDE7512E85324100E6057A /* SnapKit */; };
		17DDE7552E85325F00E6057A /* RealmSwift in Frameworks */ = {isa = PBXBuildFile; productRef = 17DDE7542E85325F00E6057A /* RealmSwift */; };
		17DDE7582E85327700E6057A /* RxMoya in Frameworks */ = {isa = PBXBuildFile; productRef = 17DDE7572E85327700E6057A /* RxMoya */; };
		17DDE75B2E8532B500E6057A /* Then in Frameworks */ = {isa = PBXBuildFile; productRef = 17DDE75A2E8532B500E6057A /* Then */; };
		17DDE75E2E8532C200E6057A /* Kingfisher in Frameworks */ = {isa = PBXBuildFile; productRef = 17DDE75D2E8532C200E6057A /* Kingfisher */; };
		17DDE7612E8532CF00E6057A /* Toast in Frameworks */ = {isa = PBXBuildFile; productRef = 17DDE7602E8532CF00E6057A /* Toast */; };
		17DDE7642E8532EC00E6057A /* RxDataSources in Frameworks */ = {isa = PBXBuildFile; productRef = 17DDE7632E8532EC00E6057A /* RxDataSources */; };
		17DDE7672E85330700E6057A /* IQKeyboardManagerSwift in Frameworks */ = {isa = PBXBuildFile; productRef = 17DDE7662E85330700E6057A /* IQKeyboardManagerSwift */; };
		17DDE76A2E85333000E6057A /* TextFieldEffects in Frameworks */ = {isa = PBXBuildFile; productRef = 17DDE7692E85333000E6057A /* TextFieldEffects */; };
		17DDE76D2E853B0F00E6057A /* ReactorKit in Frameworks */ = {isa = PBXBuildFile; productRef = 17DDE76C2E853B0F00E6057A /* ReactorKit */; };
/* End PBXBuildFile section */

/* Begin PBXCopyFilesBuildPhase section */
		175235C92E9A2F1100333245 /* Embed Frameworks */ = {
			isa = PBXCopyFilesBuildPhase;
			buildActionMask = 2147483647;
			dstPath = "";
			dstSubfolderSpec = 10;
			files = (
				175235C82E9A2F1100333245 /* RealmSwift in Embed Frameworks */,
			);
			name = "Embed Frameworks";
			runOnlyForDeploymentPostprocessing = 0;
		};
/* End PBXCopyFilesBuildPhase section */

/* Begin PBXFileReference section */
		17DDE6862E851F2D00E6057A /* KoreaSpots.app */ = {isa = PBXFileReference; explicitFileType = wrapper.application; includeInIndex = 0; path = KoreaSpots.app; sourceTree = BUILT_PRODUCTS_DIR; };
/* End PBXFileReference section */

/* Begin PBXFileSystemSynchronizedBuildFileExceptionSet section */
		17DDE6982E851F2E00E6057A /* Exceptions for "KoreaSpots" folder in "KoreaSpots" target */ = {
			isa = PBXFileSystemSynchronizedBuildFileExceptionSet;
			membershipExceptions = (
				Resources/Info.plist,
			);
			target = 17DDE6852E851F2D00E6057A /* KoreaSpots */;
		};
/* End PBXFileSystemSynchronizedBuildFileExceptionSet section */

/* Begin PBXFileSystemSynchronizedRootGroup section */
		17DDE6882E851F2D00E6057A /* KoreaSpots */ = {
			isa = PBXFileSystemSynchronizedRootGroup;
			exceptions = (
				17DDE6982E851F2E00E6057A /* Exceptions for "KoreaSpots" folder in "KoreaSpots" target */,
			);
			path = KoreaSpots;
			sourceTree = "<group>";
		};
/* End PBXFileSystemSynchronizedRootGroup section */

/* Begin PBXFrameworksBuildPhase section */
		17DDE6832E851F2D00E6057A /* Frameworks */ = {
			isa = PBXFrameworksBuildPhase;
			buildActionMask = 2147483647;
			files = (
				17A08FCD2E869198003AF0A6 /* SkeletonView in Frameworks */,
				17DDE7612E8532CF00E6057A /* Toast in Frameworks */,
				179CE5282E8E0C9200181886 /* FirebaseMessaging in Frameworks */,
				179CE5242E8E0C9200181886 /* FirebaseAnalytics in Frameworks */,
				17DDE7672E85330700E6057A /* IQKeyboardManagerSwift in Frameworks */,
				17DDE7582E85327700E6057A /* RxMoya in Frameworks */,
				17DDE76A2E85333000E6057A /* TextFieldEffects in Frameworks */,
				17DDE7552E85325F00E6057A /* RealmSwift in Frameworks */,
				17DDE7522E85324100E6057A /* SnapKit in Frameworks */,
				17DDE7642E8532EC00E6057A /* RxDataSources in Frameworks */,
				179CE5262E8E0C9200181886 /* FirebaseCrashlytics in Frameworks */,
				17DDE75B2E8532B500E6057A /* Then in Frameworks */,
				17DDE76D2E853B0F00E6057A /* ReactorKit in Frameworks */,
				17DDE75E2E8532C200E6057A /* Kingfisher in Frameworks */,
			);
			runOnlyForDeploymentPostprocessing = 0;
		};
/* End PBXFrameworksBuildPhase section */

/* Begin PBXGroup section */
		17DDE67D2E851F2D00E6057A = {
			isa = PBXGroup;
			children = (
				17DDE6882E851F2D00E6057A /* KoreaSpots */,
				17DDE6872E851F2D00E6057A /* Products */,
			);
			sourceTree = "<group>";
		};
		17DDE6872E851F2D00E6057A /* Products */ = {
			isa = PBXGroup;
			children = (
				17DDE6862E851F2D00E6057A /* KoreaSpots.app */,
			);
			name = Products;
			sourceTree = "<group>";
		};
/* End PBXGroup section */

/* Begin PBXNativeTarget section */
		17DDE6852E851F2D00E6057A /* KoreaSpots */ = {
			isa = PBXNativeTarget;
			buildConfigurationList = 17DDE6992E851F2E00E6057A /* Build configuration list for PBXNativeTarget "KoreaSpots" */;
			buildPhases = (
				17DDE6822E851F2D00E6057A /* Sources */,
				17DDE6832E851F2D00E6057A /* Frameworks */,
				17DDE6842E851F2D00E6057A /* Resources */,
				179CE52B2E8E1B3600181886 /* ShellScript */,
				175235C92E9A2F1100333245 /* Embed Frameworks */,
			);
			buildRules = (
			);
			dependencies = (
			);
			fileSystemSynchronizedGroups = (
				17DDE6882E851F2D00E6057A /* KoreaSpots */,
			);
			name = KoreaSpots;
			packageProductDependencies = (
				17DDE7512E85324100E6057A /* SnapKit */,
				17DDE7542E85325F00E6057A /* RealmSwift */,
				17DDE7572E85327700E6057A /* RxMoya */,
				17DDE75A2E8532B500E6057A /* Then */,
				17DDE75D2E8532C200E6057A /* Kingfisher */,
				17DDE7602E8532CF00E6057A /* Toast */,
				17DDE7632E8532EC00E6057A /* RxDataSources */,
				17DDE7662E85330700E6057A /* IQKeyboardManagerSwift */,
				17DDE7692E85333000E6057A /* TextFieldEffects */,
				17DDE76C2E853B0F00E6057A /* ReactorKit */,
				17A08FCC2E869198003AF0A6 /* SkeletonView */,
				179CE5232E8E0C9200181886 /* FirebaseAnalytics */,
				179CE5252E8E0C9200181886 /* FirebaseCrashlytics */,
				179CE5272E8E0C9200181886 /* FirebaseMessaging */,
			);
			productName = KoreaSpots;
			productReference = 17DDE6862E851F2D00E6057A /* KoreaSpots.app */;
			productType = "com.apple.product-type.application";
		};
/* End PBXNativeTarget section */

/* Begin PBXProject section */
		17DDE67E2E851F2D00E6057A /* Project object */ = {
			isa = PBXProject;
			attributes = {
				BuildIndependentTargetsInParallel = 1;
				LastSwiftUpdateCheck = 1640;
				LastUpgradeCheck = 1640;
				TargetAttributes = {
					17DDE6852E851F2D00E6057A = {
						CreatedOnToolsVersion = 16.4;
					};
				};
			};
			buildConfigurationList = 17DDE6812E851F2D00E6057A /* Build configuration list for PBXProject "KoreaSpots" */;
			developmentRegion = ko;
			hasScannedForEncodings = 0;
			knownRegions = (
				Base,
				ko,
			);
			mainGroup = 17DDE67D2E851F2D00E6057A;
			minimizedProjectReferenceProxies = 1;
			packageReferences = (
				17DDE7502E85324100E6057A /* XCRemoteSwiftPackageReference "SnapKit" */,
				17DDE7532E85325F00E6057A /* XCRemoteSwiftPackageReference "realm-swift" */,
				17DDE7562E85327700E6057A /* XCRemoteSwiftPackageReference "Moya" */,
				17DDE7592E8532B500E6057A /* XCRemoteSwiftPackageReference "Then" */,
				17DDE75C2E8532C200E6057A /* XCRemoteSwiftPackageReference "Kingfisher" */,
				17DDE75F2E8532CF00E6057A /* XCRemoteSwiftPackageReference "Toast-Swift" */,
				17DDE7622E8532EC00E6057A /* XCRemoteSwiftPackageReference "RxDataSources" */,
				17DDE7652E85330700E6057A /* XCRemoteSwiftPackageReference "IQKeyboardManager" */,
				17DDE7682E85333000E6057A /* XCRemoteSwiftPackageReference "TextFieldEffects" */,
				17DDE76B2E853B0F00E6057A /* XCRemoteSwiftPackageReference "ReactorKit" */,
				17A08FCB2E869198003AF0A6 /* XCRemoteSwiftPackageReference "SkeletonView" */,
				179CE5222E8E0C9200181886 /* XCRemoteSwiftPackageReference "firebase-ios-sdk" */,
			);
			preferredProjectObjectVersion = 77;
			productRefGroup = 17DDE6872E851F2D00E6057A /* Products */;
			projectDirPath = "";
			projectRoot = "";
			targets = (
				17DDE6852E851F2D00E6057A /* KoreaSpots */,
			);
		};
/* End PBXProject section */

/* Begin PBXResourcesBuildPhase section */
		17DDE6842E851F2D00E6057A /* Resources */ = {
			isa = PBXResourcesBuildPhase;
			buildActionMask = 2147483647;
			files = (
			);
			runOnlyForDeploymentPostprocessing = 0;
		};
/* End PBXResourcesBuildPhase section */

/* Begin PBXShellScriptBuildPhase section */
		179CE52B2E8E1B3600181886 /* ShellScript */ = {
			isa = PBXShellScriptBuildPhase;
			buildActionMask = 2147483647;
			files = (
			);
			inputFileListPaths = (
			);
			inputPaths = (
				"${DWARF_DSYM_FOLDER_PATH}/${DWARF_DSYM_FILE_NAME}",
				"${DWARF_DSYM_FOLDER_PATH}/${DWARF_DSYM_FILE_NAME}/Contents/Resources/DWARF/${PRODUCT_NAME}",
				"${DWARF_DSYM_FOLDER_PATH}/${DWARF_DSYM_FILE_NAME}/Contents/Info.plist",
				"$(TARGET_BUILD_DIR)/$(UNLOCALIZED_RESOURCES_FOLDER_PATH)/GoogleService-Info.plist",
				"$(TARGET_BUILD_DIR)/$(EXECUTABLE_PATH)",
			);
			outputFileListPaths = (
			);
			outputPaths = (
			);
			runOnlyForDeploymentPostprocessing = 0;
			shellPath = /bin/sh;
			shellScript = "# Type a script or drag a script file from your workspace to insert its path.\n\"${BUILD_DIR%/Build/*}/SourcePackages/checkouts/firebase-ios-sdk/Crashlytics/run\"\n";
		};
/* End PBXShellScriptBuildPhase section */

/* Begin PBXSourcesBuildPhase section */
		17DDE6822E851F2D00E6057A /* Sources */ = {
			isa = PBXSourcesBuildPhase;
			buildActionMask = 2147483647;
			files = (
			);
			runOnlyForDeploymentPostprocessing = 0;
		};
/* End PBXSourcesBuildPhase section */

/* Begin XCBuildConfiguration section */
		17DDE69A2E851F2E00E6057A /* Debug */ = {
			isa = XCBuildConfiguration;
			buildSettings = {
				ASSETCATALOG_COMPILER_APPICON_NAME = AppIcon;
				ASSETCATALOG_COMPILER_GLOBAL_ACCENT_COLOR_NAME = AccentColor;
				CODE_SIGN_STYLE = Automatic;
				CURRENT_PROJECT_VERSION = 1;
				DEBUG_INFORMATION_FORMAT = "dwarf-with-dsym";
				DEVELOPMENT_TEAM = K9Z452TQ46;
				GENERATE_INFOPLIST_FILE = YES;
				INFOPLIST_FILE = KoreaSpots/Resources/Info.plist;
				INFOPLIST_KEY_NSLocationWhenInUseUsageDescription = "위치 권한을 허용해주세요";
				INFOPLIST_KEY_UIApplicationSupportsIndirectInputEvents = YES;
				INFOPLIST_KEY_UILaunchStoryboardName = LaunchScreen;
				INFOPLIST_KEY_UISupportedInterfaceOrientations = UIInterfaceOrientationPortrait;
				INFOPLIST_KEY_UISupportedInterfaceOrientations_iPad = UIInterfaceOrientationPortrait;
				INFOPLIST_KEY_UIUserInterfaceStyle = Light;
				IPHONEOS_DEPLOYMENT_TARGET = 16.0;
				LD_RUNPATH_SEARCH_PATHS = (
					"$(inherited)",
					"@executable_path/Frameworks",
				);
				MARKETING_VERSION = 1.0;
				OTHER_LDFLAGS = "-ObjC";
				PRODUCT_BUNDLE_IDENTIFIER = com.watson.KoreaSpots;
				PRODUCT_NAME = "$(TARGET_NAME)";
				SUPPORTED_PLATFORMS = "iphoneos iphonesimulator";
				SUPPORTS_MACCATALYST = NO;
				SUPPORTS_MAC_DESIGNED_FOR_IPHONE_IPAD = NO;
				SUPPORTS_XR_DESIGNED_FOR_IPHONE_IPAD = NO;
				SWIFT_EMIT_LOC_STRINGS = YES;
				SWIFT_VERSION = 5.0;
				TARGETED_DEVICE_FAMILY = 1;
			};
			name = Debug;
		};
		17DDE69B2E851F2E00E6057A /* Release */ = {
			isa = XCBuildConfiguration;
			buildSettings = {
				ASSETCATALOG_COMPILER_APPICON_NAME = AppIcon;
				ASSETCATALOG_COMPILER_GLOBAL_ACCENT_COLOR_NAME = AccentColor;
				CODE_SIGN_STYLE = Automatic;
				CURRENT_PROJECT_VERSION = 1;
				DEVELOPMENT_TEAM = K9Z452TQ46;
				GENERATE_INFOPLIST_FILE = YES;
				INFOPLIST_FILE = KoreaSpots/Resources/Info.plist;
				INFOPLIST_KEY_NSLocationWhenInUseUsageDescription = "위치 권한을 허용해주세요";
				INFOPLIST_KEY_UIApplicationSupportsIndirectInputEvents = YES;
				INFOPLIST_KEY_UILaunchStoryboardName = LaunchScreen;
				INFOPLIST_KEY_UISupportedInterfaceOrientations = UIInterfaceOrientationPortrait;
				INFOPLIST_KEY_UISupportedInterfaceOrientations_iPad = UIInterfaceOrientationPortrait;
				INFOPLIST_KEY_UIUserInterfaceStyle = Light;
				IPHONEOS_DEPLOYMENT_TARGET = 16.0;
				LD_RUNPATH_SEARCH_PATHS = (
					"$(inherited)",
					"@executable_path/Frameworks",
				);
				MARKETING_VERSION = 1.0;
				OTHER_LDFLAGS = "-ObjC";
				PRODUCT_BUNDLE_IDENTIFIER = com.watson.KoreaSpots;
				PRODUCT_NAME = "$(TARGET_NAME)";
				SUPPORTED_PLATFORMS = "iphoneos iphonesimulator";
				SUPPORTS_MACCATALYST = NO;
				SUPPORTS_MAC_DESIGNED_FOR_IPHONE_IPAD = NO;
				SUPPORTS_XR_DESIGNED_FOR_IPHONE_IPAD = NO;
				SWIFT_EMIT_LOC_STRINGS = YES;
				SWIFT_VERSION = 5.0;
				TARGETED_DEVICE_FAMILY = 1;
			};
			name = Release;
		};
		17DDE69C2E851F2E00E6057A /* Debug */ = {
			isa = XCBuildConfiguration;
			baseConfigurationReferenceAnchor = 17DDE6882E851F2D00E6057A /* KoreaSpots */;
			baseConfigurationReferenceRelativePath = Resources/Config/Secrets/APIKey.xcconfig;
			buildSettings = {
				ALWAYS_SEARCH_USER_PATHS = NO;
				ASSETCATALOG_COMPILER_GENERATE_SWIFT_ASSET_SYMBOL_EXTENSIONS = YES;
				CLANG_ANALYZER_NONNULL = YES;
				CLANG_ANALYZER_NUMBER_OBJECT_CONVERSION = YES_AGGRESSIVE;
				CLANG_CXX_LANGUAGE_STANDARD = "gnu++20";
				CLANG_ENABLE_MODULES = YES;
				CLANG_ENABLE_OBJC_ARC = YES;
				CLANG_ENABLE_OBJC_WEAK = YES;
				CLANG_WARN_BLOCK_CAPTURE_AUTORELEASING = YES;
				CLANG_WARN_BOOL_CONVERSION = YES;
				CLANG_WARN_COMMA = YES;
				CLANG_WARN_CONSTANT_CONVERSION = YES;
				CLANG_WARN_DEPRECATED_OBJC_IMPLEMENTATIONS = YES;
				CLANG_WARN_DIRECT_OBJC_ISA_USAGE = YES_ERROR;
				CLANG_WARN_DOCUMENTATION_COMMENTS = YES;
				CLANG_WARN_EMPTY_BODY = YES;
				CLANG_WARN_ENUM_CONVERSION = YES;
				CLANG_WARN_INFINITE_RECURSION = YES;
				CLANG_WARN_INT_CONVERSION = YES;
				CLANG_WARN_NON_LITERAL_NULL_CONVERSION = YES;
				CLANG_WARN_OBJC_IMPLICIT_RETAIN_SELF = YES;
				CLANG_WARN_OBJC_LITERAL_CONVERSION = YES;
				CLANG_WARN_OBJC_ROOT_CLASS = YES_ERROR;
				CLANG_WARN_QUOTED_INCLUDE_IN_FRAMEWORK_HEADER = YES;
				CLANG_WARN_RANGE_LOOP_ANALYSIS = YES;
				CLANG_WARN_STRICT_PROTOTYPES = YES;
				CLANG_WARN_SUSPICIOUS_MOVE = YES;
				CLANG_WARN_UNGUARDED_AVAILABILITY = YES_AGGRESSIVE;
				CLANG_WARN_UNREACHABLE_CODE = YES;
				CLANG_WARN__DUPLICATE_METHOD_MATCH = YES;
				COPY_PHASE_STRIP = NO;
				DEBUG_INFORMATION_FORMAT = dwarf;
				ENABLE_STRICT_OBJC_MSGSEND = YES;
				ENABLE_TESTABILITY = YES;
				ENABLE_USER_SCRIPT_SANDBOXING = YES;
				GCC_C_LANGUAGE_STANDARD = gnu17;
				GCC_DYNAMIC_NO_PIC = NO;
				GCC_NO_COMMON_BLOCKS = YES;
				GCC_OPTIMIZATION_LEVEL = 0;
				GCC_PREPROCESSOR_DEFINITIONS = (
					"DEBUG=1",
					"$(inherited)",
				);
				GCC_WARN_64_TO_32_BIT_CONVERSION = YES;
				GCC_WARN_ABOUT_RETURN_TYPE = YES_ERROR;
				GCC_WARN_UNDECLARED_SELECTOR = YES;
				GCC_WARN_UNINITIALIZED_AUTOS = YES_AGGRESSIVE;
				GCC_WARN_UNUSED_FUNCTION = YES;
				GCC_WARN_UNUSED_VARIABLE = YES;
				IPHONEOS_DEPLOYMENT_TARGET = 18.5;
				LOCALIZATION_PREFERS_STRING_CATALOGS = YES;
				MTL_ENABLE_DEBUG_INFO = INCLUDE_SOURCE;
				MTL_FAST_MATH = YES;
				ONLY_ACTIVE_ARCH = YES;
				SDKROOT = iphoneos;
				SWIFT_ACTIVE_COMPILATION_CONDITIONS = "DEBUG $(inherited)";
				SWIFT_OPTIMIZATION_LEVEL = "-Onone";
			};
			name = Debug;
		};
		17DDE69D2E851F2E00E6057A /* Release */ = {
			isa = XCBuildConfiguration;
			buildSettings = {
				ALWAYS_SEARCH_USER_PATHS = NO;
				ASSETCATALOG_COMPILER_GENERATE_SWIFT_ASSET_SYMBOL_EXTENSIONS = YES;
				CLANG_ANALYZER_NONNULL = YES;
				CLANG_ANALYZER_NUMBER_OBJECT_CONVERSION = YES_AGGRESSIVE;
				CLANG_CXX_LANGUAGE_STANDARD = "gnu++20";
				CLANG_ENABLE_MODULES = YES;
				CLANG_ENABLE_OBJC_ARC = YES;
				CLANG_ENABLE_OBJC_WEAK = YES;
				CLANG_WARN_BLOCK_CAPTURE_AUTORELEASING = YES;
				CLANG_WARN_BOOL_CONVERSION = YES;
				CLANG_WARN_COMMA = YES;
				CLANG_WARN_CONSTANT_CONVERSION = YES;
				CLANG_WARN_DEPRECATED_OBJC_IMPLEMENTATIONS = YES;
				CLANG_WARN_DIRECT_OBJC_ISA_USAGE = YES_ERROR;
				CLANG_WARN_DOCUMENTATION_COMMENTS = YES;
				CLANG_WARN_EMPTY_BODY = YES;
				CLANG_WARN_ENUM_CONVERSION = YES;
				CLANG_WARN_INFINITE_RECURSION = YES;
				CLANG_WARN_INT_CONVERSION = YES;
				CLANG_WARN_NON_LITERAL_NULL_CONVERSION = YES;
				CLANG_WARN_OBJC_IMPLICIT_RETAIN_SELF = YES;
				CLANG_WARN_OBJC_LITERAL_CONVERSION = YES;
				CLANG_WARN_OBJC_ROOT_CLASS = YES_ERROR;
				CLANG_WARN_QUOTED_INCLUDE_IN_FRAMEWORK_HEADER = YES;
				CLANG_WARN_RANGE_LOOP_ANALYSIS = YES;
				CLANG_WARN_STRICT_PROTOTYPES = YES;
				CLANG_WARN_SUSPICIOUS_MOVE = YES;
				CLANG_WARN_UNGUARDED_AVAILABILITY = YES_AGGRESSIVE;
				CLANG_WARN_UNREACHABLE_CODE = YES;
				CLANG_WARN__DUPLICATE_METHOD_MATCH = YES;
				COPY_PHASE_STRIP = NO;
				DEBUG_INFORMATION_FORMAT = "dwarf-with-dsym";
				ENABLE_NS_ASSERTIONS = NO;
				ENABLE_STRICT_OBJC_MSGSEND = YES;
				ENABLE_USER_SCRIPT_SANDBOXING = YES;
				GCC_C_LANGUAGE_STANDARD = gnu17;
				GCC_NO_COMMON_BLOCKS = YES;
				GCC_WARN_64_TO_32_BIT_CONVERSION = YES;
				GCC_WARN_ABOUT_RETURN_TYPE = YES_ERROR;
				GCC_WARN_UNDECLARED_SELECTOR = YES;
				GCC_WARN_UNINITIALIZED_AUTOS = YES_AGGRESSIVE;
				GCC_WARN_UNUSED_FUNCTION = YES;
				GCC_WARN_UNUSED_VARIABLE = YES;
				IPHONEOS_DEPLOYMENT_TARGET = 18.5;
				LOCALIZATION_PREFERS_STRING_CATALOGS = YES;
				MTL_ENABLE_DEBUG_INFO = NO;
				MTL_FAST_MATH = YES;
				SDKROOT = iphoneos;
				SWIFT_COMPILATION_MODE = wholemodule;
				VALIDATE_PRODUCT = YES;
			};
			name = Release;
		};
/* End XCBuildConfiguration section */

/* Begin XCConfigurationList section */
		17DDE6812E851F2D00E6057A /* Build configuration list for PBXProject "KoreaSpots" */ = {
			isa = XCConfigurationList;
			buildConfigurations = (
				17DDE69C2E851F2E00E6057A /* Debug */,
				17DDE69D2E851F2E00E6057A /* Release */,
			);
			defaultConfigurationIsVisible = 0;
			defaultConfigurationName = Release;
		};
		17DDE6992E851F2E00E6057A /* Build configuration list for PBXNativeTarget "KoreaSpots" */ = {
			isa = XCConfigurationList;
			buildConfigurations = (
				17DDE69A2E851F2E00E6057A /* Debug */,
				17DDE69B2E851F2E00E6057A /* Release */,
			);
			defaultConfigurationIsVisible = 0;
			defaultConfigurationName = Release;
		};
/* End XCConfigurationList section */

/* Begin XCRemoteSwiftPackageReference section */
		179CE5222E8E0C9200181886 /* XCRemoteSwiftPackageReference "firebase-ios-sdk" */ = {
			isa = XCRemoteSwiftPackageReference;
			repositoryURL = "https://github.com/firebase/firebase-ios-sdk";
			requirement = {
				kind = upToNextMajorVersion;
				minimumVersion = 12.3.0;
			};
		};
		17A08FCB2E869198003AF0A6 /* XCRemoteSwiftPackageReference "SkeletonView" */ = {
			isa = XCRemoteSwiftPackageReference;
			repositoryURL = "https://github.com/Juanpe/SkeletonView.git";
			requirement = {
				kind = upToNextMajorVersion;
				minimumVersion = 1.31.0;
			};
		};
		17DDE7502E85324100E6057A /* XCRemoteSwiftPackageReference "SnapKit" */ = {
			isa = XCRemoteSwiftPackageReference;
			repositoryURL = "https://github.com/SnapKit/SnapKit.git";
			requirement = {
				kind = upToNextMajorVersion;
				minimumVersion = 5.7.1;
			};
		};
		17DDE7532E85325F00E6057A /* XCRemoteSwiftPackageReference "realm-swift" */ = {
			isa = XCRemoteSwiftPackageReference;
			repositoryURL = "https://github.com/realm/realm-swift.git";
			requirement = {
				kind = exactVersion;
				version = 20.0.3;
			};
		};
		17DDE7562E85327700E6057A /* XCRemoteSwiftPackageReference "Moya" */ = {
			isa = XCRemoteSwiftPackageReference;
			repositoryURL = "https://github.com/Moya/Moya.git";
			requirement = {
				kind = upToNextMajorVersion;
				minimumVersion = 15.0.3;
			};
		};
		17DDE7592E8532B500E6057A /* XCRemoteSwiftPackageReference "Then" */ = {
			isa = XCRemoteSwiftPackageReference;
			repositoryURL = "https://github.com/devxoul/Then.git";
			requirement = {
				kind = upToNextMajorVersion;
				minimumVersion = 3.0.0;
			};
		};
		17DDE75C2E8532C200E6057A /* XCRemoteSwiftPackageReference "Kingfisher" */ = {
			isa = XCRemoteSwiftPackageReference;
			repositoryURL = "https://github.com/onevcat/Kingfisher";
			requirement = {
				kind = upToNextMajorVersion;
				minimumVersion = 8.5.0;
			};
		};
		17DDE75F2E8532CF00E6057A /* XCRemoteSwiftPackageReference "Toast-Swift" */ = {
			isa = XCRemoteSwiftPackageReference;
			repositoryURL = "https://github.com/scalessec/Toast-Swift";
			requirement = {
				kind = upToNextMajorVersion;
				minimumVersion = 5.1.1;
			};
		};
		17DDE7622E8532EC00E6057A /* XCRemoteSwiftPackageReference "RxDataSources" */ = {
			isa = XCRemoteSwiftPackageReference;
			repositoryURL = "https://github.com/RxSwiftCommunity/RxDataSources";
			requirement = {
				kind = upToNextMajorVersion;
				minimumVersion = 5.0.2;
			};
		};
		17DDE7652E85330700E6057A /* XCRemoteSwiftPackageReference "IQKeyboardManager" */ = {
			isa = XCRemoteSwiftPackageReference;
			repositoryURL = "https://github.com/hackiftekhar/IQKeyboardManager";
			requirement = {
				kind = upToNextMajorVersion;
				minimumVersion = 8.0.1;
			};
		};
		17DDE7682E85333000E6057A /* XCRemoteSwiftPackageReference "TextFieldEffects" */ = {
			isa = XCRemoteSwiftPackageReference;
			repositoryURL = "https://github.com/raulriera/TextFieldEffects.git";
			requirement = {
				kind = upToNextMajorVersion;
				minimumVersion = 1.7.0;
			};
		};
		17DDE76B2E853B0F00E6057A /* XCRemoteSwiftPackageReference "ReactorKit" */ = {
			isa = XCRemoteSwiftPackageReference;
			repositoryURL = "https://github.com/ReactorKit/ReactorKit.git";
			requirement = {
				kind = upToNextMajorVersion;
				minimumVersion = 3.2.0;
			};
		};
/* End XCRemoteSwiftPackageReference section */

/* Begin XCSwiftPackageProductDependency section */
		179CE5232E8E0C9200181886 /* FirebaseAnalytics */ = {
			isa = XCSwiftPackageProductDependency;
			package = 179CE5222E8E0C9200181886 /* XCRemoteSwiftPackageReference "firebase-ios-sdk" */;
			productName = FirebaseAnalytics;
		};
		179CE5252E8E0C9200181886 /* FirebaseCrashlytics */ = {
			isa = XCSwiftPackageProductDependency;
			package = 179CE5222E8E0C9200181886 /* XCRemoteSwiftPackageReference "firebase-ios-sdk" */;
			productName = FirebaseCrashlytics;
		};
		179CE5272E8E0C9200181886 /* FirebaseMessaging */ = {
			isa = XCSwiftPackageProductDependency;
			package = 179CE5222E8E0C9200181886 /* XCRemoteSwiftPackageReference "firebase-ios-sdk" */;
			productName = FirebaseMessaging;
		};
		17A08FCC2E869198003AF0A6 /* SkeletonView */ = {
			isa = XCSwiftPackageProductDependency;
			package = 17A08FCB2E869198003AF0A6 /* XCRemoteSwiftPackageReference "SkeletonView" */;
			productName = SkeletonView;
		};
		17DDE7512E85324100E6057A /* SnapKit */ = {
			isa = XCSwiftPackageProductDependency;
			package = 17DDE7502E85324100E6057A /* XCRemoteSwiftPackageReference "SnapKit" */;
			productName = SnapKit;
		};
		17DDE7542E85325F00E6057A /* RealmSwift */ = {
			isa = XCSwiftPackageProductDependency;
			package = 17DDE7532E85325F00E6057A /* XCRemoteSwiftPackageReference "realm-swift" */;
			productName = RealmSwift;
		};
		17DDE7572E85327700E6057A /* RxMoya */ = {
			isa = XCSwiftPackageProductDependency;
			package = 17DDE7562E85327700E6057A /* XCRemoteSwiftPackageReference "Moya" */;
			productName = RxMoya;
		};
		17DDE75A2E8532B500E6057A /* Then */ = {
			isa = XCSwiftPackageProductDependency;
			package = 17DDE7592E8532B500E6057A /* XCRemoteSwiftPackageReference "Then" */;
			productName = Then;
		};
		17DDE75D2E8532C200E6057A /* Kingfisher */ = {
			isa = XCSwiftPackageProductDependency;
			package = 17DDE75C2E8532C200E6057A /* XCRemoteSwiftPackageReference "Kingfisher" */;
			productName = Kingfisher;
		};
		17DDE7602E8532CF00E6057A /* Toast */ = {
			isa = XCSwiftPackageProductDependency;
			package = 17DDE75F2E8532CF00E6057A /* XCRemoteSwiftPackageReference "Toast-Swift" */;
			productName = Toast;
		};
		17DDE7632E8532EC00E6057A /* RxDataSources */ = {
			isa = XCSwiftPackageProductDependency;
			package = 17DDE7622E8532EC00E6057A /* XCRemoteSwiftPackageReference "RxDataSources" */;
			productName = RxDataSources;
		};
		17DDE7662E85330700E6057A /* IQKeyboardManagerSwift */ = {
			isa = XCSwiftPackageProductDependency;
			package = 17DDE7652E85330700E6057A /* XCRemoteSwiftPackageReference "IQKeyboardManager" */;
			productName = IQKeyboardManagerSwift;
		};
		17DDE7692E85333000E6057A /* TextFieldEffects */ = {
			isa = XCSwiftPackageProductDependency;
			package = 17DDE7682E85333000E6057A /* XCRemoteSwiftPackageReference "TextFieldEffects" */;
			productName = TextFieldEffects;
		};
		17DDE76C2E853B0F00E6057A /* ReactorKit */ = {
			isa = XCSwiftPackageProductDependency;
			package = 17DDE76B2E853B0F00E6057A /* XCRemoteSwiftPackageReference "ReactorKit" */;
			productName = ReactorKit;
		};
/* End XCSwiftPackageProductDependency section */
	};
	rootObject = 17DDE67E2E851F2D00E6057A /* Project object */;
}
